
Microsoft Visual Studio Solution File, Format Version 10.00
# Visual Studio 2008
Project("{FAE04EC0-301F-11D3-BF4B-00C04F79EFBC}") = "WindowsForms gui database connectivity alloperations", "WindowsForms gui database connectivity alloperations\WindowsForms gui database connectivity alloperations.csproj", "{61968F61-1BD7-4680-AAB5-36511B47631D}"
EndProject
Global
	GlobalSection(SolutionConfigurationPlatforms) = preSolution
		Debug|Any CPU = Debug|Any CPU
		Release|Any CPU = Release|Any CPU
	EndGlobalSection
	GlobalSection(ProjectConfigurationPlatforms) = postSolution
		{61968F61-1BD7-4680-AAB5-36511B47631D}.Debug|Any CPU.ActiveCfg = Debug|Any CPU
		{61968F61-1BD7-4680-AAB5-36511B47631D}.Debug|Any CPU.Build.0 = Debug|Any CPU
		{61968F61-1BD7-4680-AAB5-36511B47631D}.Release|Any CPU.ActiveCfg = Release|Any CPU
		{61968F61-1BD7-4680-AAB5-36511B47631D}.Release|Any CPU.Build.0 = Release|Any CPU
	EndGlobalSection
	GlobalSection(SolutionProperties) = preSolution
		HideSolutionNode = FALSE
	EndGlobalSection
EndGlobal
