
Microsoft Visual Studio Solution File, Format Version 11.00
# Visual Studio 2010
Project("{FAE04EC0-301F-11D3-BF4B-00C04F79EFBC}") = "updata datatable", "updata datatable\updata datatable.csproj", "{64DB8EC6-7B96-49CB-BC90-A6B95BB5CB46}"
EndProject
Global
	GlobalSection(SolutionConfigurationPlatforms) = preSolution
		Debug|Any CPU = Debug|Any CPU
		Release|Any CPU = Release|Any CPU
	EndGlobalSection
	GlobalSection(ProjectConfigurationPlatforms) = postSolution
		{64DB8EC6-7B96-49CB-BC90-A6B95BB5CB46}.Debug|Any CPU.ActiveCfg = Debug|Any CPU
		{64DB8EC6-7B96-49CB-BC90-A6B95BB5CB46}.Debug|Any CPU.Build.0 = Debug|Any CPU
		{64DB8EC6-7B96-49CB-BC90-A6B95BB5CB46}.Release|Any CPU.ActiveCfg = Release|Any CPU
		{64DB8EC6-7B96-49CB-BC90-A6B95BB5CB46}.Release|Any CPU.Build.0 = Release|Any CPU
	EndGlobalSection
	GlobalSection(SolutionProperties) = preSolution
		HideSolutionNode = FALSE
	EndGlobalSection
EndGlobal
