
Microsoft Visual Studio Solution File, Format Version 10.00
# Visual Studio 2008
Project("{FAE04EC0-301F-11D3-BF4B-00C04F79EFBC}") = "dataadapter all op", "dataadapter all op\dataadapter all op.csproj", "{F784F5AD-6AC9-40DA-87E3-CAA02B2A3A6C}"
EndProject
Global
	GlobalSection(SolutionConfigurationPlatforms) = preSolution
		Debug|Any CPU = Debug|Any CPU
		Release|Any CPU = Release|Any CPU
	EndGlobalSection
	GlobalSection(ProjectConfigurationPlatforms) = postSolution
		{F784F5AD-6AC9-40DA-87E3-CAA02B2A3A6C}.Debug|Any CPU.ActiveCfg = Debug|Any CPU
		{F784F5AD-6AC9-40DA-87E3-CAA02B2A3A6C}.Debug|Any CPU.Build.0 = Debug|Any CPU
		{F784F5AD-6AC9-40DA-87E3-CAA02B2A3A6C}.Release|Any CPU.ActiveCfg = Release|Any CPU
		{F784F5AD-6AC9-40DA-87E3-CAA02B2A3A6C}.Release|Any CPU.Build.0 = Release|Any CPU
	EndGlobalSection
	GlobalSection(SolutionProperties) = preSolution
		HideSolutionNode = FALSE
	EndGlobalSection
EndGlobal
